
Microsoft Visual Studio Solution File, Format Version 12.00
# Visual Studio 15
VisualStudioVersion = 15.0.28307.572
MinimumVisualStudioVersion = 10.0.40219.1
Project("{FAE04EC0-301F-11D3-BF4B-00C04F79EFBC}") = "Practise.Generics.B2B", "Practise.Generics.B2B\Practise.Generics.B2B.csproj", "{AFFDA196-4012-4111-BC27-A5AAE73FCACE}"
EndProject
Global
	GlobalSection(SolutionConfigurationPlatforms) = preSolution
		Debug|Any CPU = Debug|Any CPU
		Release|Any CPU = Release|Any CPU
	EndGlobalSection
	GlobalSection(ProjectConfigurationPlatforms) = postSolution
		{AFFDA196-4012-4111-BC27-A5AAE73FCACE}.Debug|Any CPU.ActiveCfg = Debug|Any CPU
		{AFFDA196-4012-4111-BC27-A5AAE73FCACE}.Debug|Any CPU.Build.0 = Debug|Any CPU
		{AFFDA196-4012-4111-BC27-A5AAE73FCACE}.Release|Any CPU.ActiveCfg = Release|Any CPU
		{AFFDA196-4012-4111-BC27-A5AAE73FCACE}.Release|Any CPU.Build.0 = Release|Any CPU
	EndGlobalSection
	GlobalSection(SolutionProperties) = preSolution
		HideSolutionNode = FALSE
	EndGlobalSection
	GlobalSection(ExtensibilityGlobals) = postSolution
		SolutionGuid = {E57DD9A6-4041-44B5-953D-3C82B14911B2}
	EndGlobalSection
EndGlobal
